<?xml version="1.0" encoding="utf-8"?>
<Project ToolsVersion="4.0" xmlns="http://schemas.microsoft.com/developer/msbuild/2003">
  <ItemGroup>
    <Filter Include="Source Files">
      <UniqueIdentifier>{4FC737F1-C7A5-4376-A066-2A32D752A2FF}</UniqueIdentifier>
      <Extensions>cpp;c;cc;cxx;def;odl;idl;hpj;bat;asm;asmx</Extensions>
    </Filter>
    <Filter Include="Header Files">
      <UniqueIdentifier>{93995380-89BD-4b04-88EB-625FBE52EBFB}</UniqueIdentifier>
      <Extensions>h;hh;hpp;hxx;hm;inl;inc;ipp;xsd</Extensions>
    </Filter>
    <Filter Include="Resource Files">
      <UniqueIdentifier>{67DA6AB6-F800-4c08-8B7A-83BB121AAD01}</UniqueIdentifier>
      <Extensions>rc;ico;cur;bmp;dlg;rc2;rct;bin;rgs;gif;jpg;jpeg;jpe;resx;tiff;tif;png;wav;mfcribbon-ms</Extensions>
    </Filter>
    <Filter Include="Header Files\math">
      <UniqueIdentifier>{803edfa5-39bb-4ca8-b9fc-a46329a2211a}</UniqueIdentifier>
    </Filter>
    <Filter Include="Source Files\math">
      <UniqueIdentifier>{8a875f0f-b246-4008-8924-bb7cb209f13a}</UniqueIdentifier>
    </Filter>
    <Filter Include="Header Files\game">
      <UniqueIdentifier>{963bb962-e55d-41d2-b5c2-7cebe5ac5cf9}</UniqueIdentifier>
    </Filter>
    <Filter Include="Source Files\game">
      <UniqueIdentifier>{50d0f061-a389-4a56-8f15-1f256f34da0b}</UniqueIdentifier>
    </Filter>
    <Filter Include="Header Files\game\graphics">
      <UniqueIdentifier>{48689d29-067a-4b1c-8832-289da9dc4f6b}</UniqueIdentifier>
    </Filter>
    <Filter Include="Header Files\game\utils">
      <UniqueIdentifier>{38e08922-eae2-4806-bf76-65d7e0f0fdc5}</UniqueIdentifier>
    </Filter>
    <Filter Include="Source Files\game\graphics">
      <UniqueIdentifier>{0e99467d-011c-4ed9-a25a-dd8d3f85dfa1}</UniqueIdentifier>
    </Filter>
    <Filter Include="Source Files\game\utils">
      <UniqueIdentifier>{17008ef6-b77e-4945-a83e-1b548ec7be8e}</UniqueIdentifier>
    </Filter>
  </ItemGroup>
  <ItemGroup>
    <ClCompile Include="main.cpp">
      <Filter>Source Files</Filter>
    </ClCompile>
    <ClCompile Include="GraphicsFacade.cpp">
      <Filter>Source Files\game\graphics</Filter>
    </ClCompile>
    <ClCompile Include="TimerFacade.cpp">
      <Filter>Source Files\game\utils</Filter>
    </ClCompile>
    <ClCompile Include="SpaceShip.cpp">
      <Filter>Source Files\game</Filter>
    </ClCompile>
    <ClCompile Include="Cube.cpp">
      <Filter>Source Files\game</Filter>
    </ClCompile>
  </ItemGroup>
  <ItemGroup>
    <ClInclude Include="GraphicsFacade.h">
      <Filter>Header Files\game\graphics</Filter>
    </ClInclude>
    <ClInclude Include="Math.h">
      <Filter>Header Files\math</Filter>
    </ClInclude>
    <ClInclude Include="Matrix.h">
      <Filter>Header Files\math</Filter>
    </ClInclude>
    <ClInclude Include="Vector2D.h">
      <Filter>Header Files\math</Filter>
    </ClInclude>
    <ClInclude Include="ShapeFactory.h">
      <Filter>Header Files\game\utils</Filter>
    </ClInclude>
    <ClInclude Include="TimerFacade.h">
      <Filter>Header Files\game\utils</Filter>
    </ClInclude>
    <ClInclude Include="Vector3D.h">
      <Filter>Header Files\math</Filter>
    </ClInclude>
    <ClInclude Include="SpaceShip.h">
      <Filter>Header Files\game</Filter>
    </ClInclude>
    <ClInclude Include="GameObject.h">
      <Filter>Header Files\game</Filter>
    </ClInclude>
    <ClInclude Include="Color.h">
      <Filter>Header Files\game\graphics</Filter>
    </ClInclude>
    <ClInclude Include="Cube.h">
      <Filter>Header Files\game</Filter>
    </ClInclude>
  </ItemGroup>
</Project>